
Microsoft Visual Studio Solution File, Format Version 12.00
# Visual Studio 15
VisualStudioVersion = 15.0.28307.1022
MinimumVisualStudioVersion = 10.0.40219.1
Project("{FAE04EC0-301F-11D3-BF4B-00C04F79EFBC}") = "ttt", "ttt\ttt.csproj", "{01089131-ED3A-47DA-9996-FD90B1F97025}"
EndProject
Global
	GlobalSection(SolutionConfigurationPlatforms) = preSolution
		Debug|Any CPU = Debug|Any CPU
		Release|Any CPU = Release|Any CPU
	EndGlobalSection
	GlobalSection(ProjectConfigurationPlatforms) = postSolution
		{01089131-ED3A-47DA-9996-FD90B1F97025}.Debug|Any CPU.ActiveCfg = Debug|Any CPU
		{01089131-ED3A-47DA-9996-FD90B1F97025}.Debug|Any CPU.Build.0 = Debug|Any CPU
		{01089131-ED3A-47DA-9996-FD90B1F97025}.Release|Any CPU.ActiveCfg = Release|Any CPU
		{01089131-ED3A-47DA-9996-FD90B1F97025}.Release|Any CPU.Build.0 = Release|Any CPU
	EndGlobalSection
	GlobalSection(SolutionProperties) = preSolution
		HideSolutionNode = FALSE
	EndGlobalSection
	GlobalSection(ExtensibilityGlobals) = postSolution
		SolutionGuid = {D8E88A20-DC10-49A2-857F-5C9999CB5944}
	EndGlobalSection
EndGlobal
